
Microsoft Visual Studio Solution File, Format Version 12.00
# Visual Studio 15
VisualStudioVersion = 15.0.28307.705
MinimumVisualStudioVersion = 10.0.40219.1
Project("{FAE04EC0-301F-11D3-BF4B-00C04F79EFBC}") = "MQSender", "MQSender\MQSender.csproj", "{55195E91-1B0F-4EC4-9172-8C7F1117202B}"
EndProject
Project("{FAE04EC0-301F-11D3-BF4B-00C04F79EFBC}") = "MQReceiver", "MQReceiver\MQReceiver.csproj", "{2D714675-05F4-467C-A4BC-5D76CACC855B}"
EndProject
Global
	GlobalSection(SolutionConfigurationPlatforms) = preSolution
		Debug|Any CPU = Debug|Any CPU
		Release|Any CPU = Release|Any CPU
	EndGlobalSection
	GlobalSection(ProjectConfigurationPlatforms) = postSolution
		{55195E91-1B0F-4EC4-9172-8C7F1117202B}.Debug|Any CPU.ActiveCfg = Debug|Any CPU
		{55195E91-1B0F-4EC4-9172-8C7F1117202B}.Debug|Any CPU.Build.0 = Debug|Any CPU
		{55195E91-1B0F-4EC4-9172-8C7F1117202B}.Release|Any CPU.ActiveCfg = Release|Any CPU
		{55195E91-1B0F-4EC4-9172-8C7F1117202B}.Release|Any CPU.Build.0 = Release|Any CPU
		{2D714675-05F4-467C-A4BC-5D76CACC855B}.Debug|Any CPU.ActiveCfg = Debug|Any CPU
		{2D714675-05F4-467C-A4BC-5D76CACC855B}.Debug|Any CPU.Build.0 = Debug|Any CPU
		{2D714675-05F4-467C-A4BC-5D76CACC855B}.Release|Any CPU.ActiveCfg = Release|Any CPU
		{2D714675-05F4-467C-A4BC-5D76CACC855B}.Release|Any CPU.Build.0 = Release|Any CPU
	EndGlobalSection
	GlobalSection(SolutionProperties) = preSolution
		HideSolutionNode = FALSE
	EndGlobalSection
	GlobalSection(ExtensibilityGlobals) = postSolution
		SolutionGuid = {147A503A-9074-4237-9956-C6FE7D26DE8C}
	EndGlobalSection
EndGlobal
